// !$*UTF8*$!
{
	archiveVersion = 1;
	classes = {
	};
	objectVersion = 46;
	objects = {

/* Begin PBXBuildFile section */
		C7B23154202B1D2615568DF7 /* Pods_Component.framework in Frameworks */ = {isa = PBXBuildFile; fileRef = F382A6B4146FD43C01D3C3B5 /* Pods_Component.framework */; };
		E90298DC1E12759D00C281AC /* AppDelegate.swift in Sources */ = {isa = PBXBuildFile; fileRef = E90298DB1E12759D00C281AC /* AppDelegate.swift */; };
		E90298DE1E12759D00C281AC /* ViewController.swift in Sources */ = {isa = PBXBuildFile; fileRef = E90298DD1E12759D00C281AC /* ViewController.swift */; };
		E90298E11E12759D00C281AC /* Main.storyboard in Resources */ = {isa = PBXBuildFile; fileRef = E90298DF1E12759D00C281AC /* Main.storyboard */; };
		E90298E31E12759D00C281AC /* Assets.xcassets in Resources */ = {isa = PBXBuildFile; fileRef = E90298E21E12759D00C281AC /* Assets.xcassets */; };
		E90298E61E12759D00C281AC /* LaunchScreen.storyboard in Resources */ = {isa = PBXBuildFile; fileRef = E90298E41E12759D00C281AC /* LaunchScreen.storyboard */; };
		E90298F21E12892200C281AC /* RatingView.swift in Sources */ = {isa = PBXBuildFile; fileRef = E90298F11E12892200C281AC /* RatingView.swift */; };
		E90298F51E14C08000C281AC /* Int+Extension.swift in Sources */ = {isa = PBXBuildFile; fileRef = E90298F41E14C08000C281AC /* Int+Extension.swift */; };
		E90298F91E14C49B00C281AC /* RatingViewDemoViewController.swift in Sources */ = {isa = PBXBuildFile; fileRef = E90298F81E14C49B00C281AC /* RatingViewDemoViewController.swift */; };
		E918BA7F1E1C00AD00EBE1EE /* CarouselFigureCollectionViewCell.swift in Sources */ = {isa = PBXBuildFile; fileRef = E918BA7E1E1C00AD00EBE1EE /* CarouselFigureCollectionViewCell.swift */; };
		E919DA781E6560FA0020D803 /* LoadingView.swift in Sources */ = {isa = PBXBuildFile; fileRef = E919DA771E6560FA0020D803 /* LoadingView.swift */; };
		E919DA7A1E66BED50020D803 /* LoadingViewDemoViewController.swift in Sources */ = {isa = PBXBuildFile; fileRef = E919DA791E66BED50020D803 /* LoadingViewDemoViewController.swift */; };
		E919DA7C1E6858430020D803 /* UIImageView+Extension.swift in Sources */ = {isa = PBXBuildFile; fileRef = E919DA7B1E6858430020D803 /* UIImageView+Extension.swift */; };
		E936069D1E72ADC600DA4400 /* UIImage+Extension.swift in Sources */ = {isa = PBXBuildFile; fileRef = E936069C1E72ADC600DA4400 /* UIImage+Extension.swift */; };
		E93606C01E764D5A00DA4400 /* QRScanViewController.swift in Sources */ = {isa = PBXBuildFile; fileRef = E93606BF1E764D5A00DA4400 /* QRScanViewController.swift */; };
		E93606C21E77D95700DA4400 /* String+Extension.swift in Sources */ = {isa = PBXBuildFile; fileRef = E93606C11E77D95700DA4400 /* String+Extension.swift */; };
		E93606C81E78001300DA4400 /* QRImageGeneratorViewController.swift in Sources */ = {isa = PBXBuildFile; fileRef = E93606C71E78001300DA4400 /* QRImageGeneratorViewController.swift */; };
		E951D12C1E14E6700059A378 /* BaseViewController.swift in Sources */ = {isa = PBXBuildFile; fileRef = E951D12B1E14E6700059A378 /* BaseViewController.swift */; };
		E951D1301E14E9A50059A378 /* Common.swift in Sources */ = {isa = PBXBuildFile; fileRef = E951D12F1E14E9A50059A378 /* Common.swift */; };
		E9A0961E1E1D3D5000E52C36 /* UIColor+Extension.swift in Sources */ = {isa = PBXBuildFile; fileRef = E9A0961D1E1D3D5000E52C36 /* UIColor+Extension.swift */; };
		E9EBA9931E1B9A4100DBEFC0 /* CarouselFigureCarouselFigureView.swift in Sources */ = {isa = PBXBuildFile; fileRef = E9EBA9921E1B9A4100DBEFC0 /* CarouselFigureCarouselFigureView.swift */; };
		E9EBA9951E1BA14500DBEFC0 /* ImageUrlData.swift in Sources */ = {isa = PBXBuildFile; fileRef = E9EBA9941E1BA14500DBEFC0 /* ImageUrlData.swift */; };
		E9EBA9971E1BA5B300DBEFC0 /* CarouselFigureViewDemoViewController.swift in Sources */ = {isa = PBXBuildFile; fileRef = E9EBA9961E1BA5B300DBEFC0 /* CarouselFigureViewDemoViewController.swift */; };
/* End PBXBuildFile section */

/* Begin PBXFileReference section */
		35442DCB9DE98D1A7407628F /* Pods-Component.release.xcconfig */ = {isa = PBXFileReference; includeInIndex = 1; lastKnownFileType = text.xcconfig; name = "Pods-Component.release.xcconfig"; path = "Pods/Target Support Files/Pods-Component/Pods-Component.release.xcconfig"; sourceTree = "<group>"; };
		C92ADCA13D3835E309022EE3 /* Pods-Component.debug.xcconfig */ = {isa = PBXFileReference; includeInIndex = 1; lastKnownFileType = text.xcconfig; name = "Pods-Component.debug.xcconfig"; path = "Pods/Target Support Files/Pods-Component/Pods-Component.debug.xcconfig"; sourceTree = "<group>"; };
		E90298D81E12759D00C281AC /* Component.app */ = {isa = PBXFileReference; explicitFileType = wrapper.application; includeInIndex = 0; path = Component.app; sourceTree = BUILT_PRODUCTS_DIR; };
		E90298DB1E12759D00C281AC /* AppDelegate.swift */ = {isa = PBXFileReference; lastKnownFileType = sourcecode.swift; path = AppDelegate.swift; sourceTree = "<group>"; };
		E90298DD1E12759D00C281AC /* ViewController.swift */ = {isa = PBXFileReference; lastKnownFileType = sourcecode.swift; path = ViewController.swift; sourceTree = "<group>"; };
		E90298E01E12759D00C281AC /* Base */ = {isa = PBXFileReference; lastKnownFileType = file.storyboard; name = Base; path = Base.lproj/Main.storyboard; sourceTree = "<group>"; };
		E90298E21E12759D00C281AC /* Assets.xcassets */ = {isa = PBXFileReference; lastKnownFileType = folder.assetcatalog; path = Assets.xcassets; sourceTree = "<group>"; };
		E90298E51E12759D00C281AC /* Base */ = {isa = PBXFileReference; lastKnownFileType = file.storyboard; name = Base; path = Base.lproj/LaunchScreen.storyboard; sourceTree = "<group>"; };
		E90298E71E12759D00C281AC /* Info.plist */ = {isa = PBXFileReference; lastKnownFileType = text.plist.xml; path = Info.plist; sourceTree = "<group>"; };
		E90298F11E12892200C281AC /* RatingView.swift */ = {isa = PBXFileReference; fileEncoding = 4; lastKnownFileType = sourcecode.swift; path = RatingView.swift; sourceTree = "<group>"; };
		E90298F41E14C08000C281AC /* Int+Extension.swift */ = {isa = PBXFileReference; fileEncoding = 4; lastKnownFileType = sourcecode.swift; name = "Int+Extension.swift"; path = "Extension/Int+Extension.swift"; sourceTree = "<group>"; };
		E90298F81E14C49B00C281AC /* RatingViewDemoViewController.swift */ = {isa = PBXFileReference; fileEncoding = 4; lastKnownFileType = sourcecode.swift; name = RatingViewDemoViewController.swift; path = DemoViewController/RatingViewDemoViewController.swift; sourceTree = "<group>"; };
		E918BA7E1E1C00AD00EBE1EE /* CarouselFigureCollectionViewCell.swift */ = {isa = PBXFileReference; fileEncoding = 4; lastKnownFileType = sourcecode.swift; path = CarouselFigureCollectionViewCell.swift; sourceTree = "<group>"; };
		E919DA771E6560FA0020D803 /* LoadingView.swift */ = {isa = PBXFileReference; fileEncoding = 4; lastKnownFileType = sourcecode.swift; name = LoadingView.swift; path = LoadingView/LoadingView.swift; sourceTree = "<group>"; };
		E919DA791E66BED50020D803 /* LoadingViewDemoViewController.swift */ = {isa = PBXFileReference; fileEncoding = 4; lastKnownFileType = sourcecode.swift; name = LoadingViewDemoViewController.swift; path = DemoViewController/LoadingViewDemoViewController.swift; sourceTree = "<group>"; };
		E919DA7B1E6858430020D803 /* UIImageView+Extension.swift */ = {isa = PBXFileReference; fileEncoding = 4; lastKnownFileType = sourcecode.swift; name = "UIImageView+Extension.swift"; path = "Extension/UIImageView+Extension.swift"; sourceTree = "<group>"; };
		E936069C1E72ADC600DA4400 /* UIImage+Extension.swift */ = {isa = PBXFileReference; fileEncoding = 4; lastKnownFileType = sourcecode.swift; name = "UIImage+Extension.swift"; path = "Extension/UIImage+Extension.swift"; sourceTree = "<group>"; };
		E93606BF1E764D5A00DA4400 /* QRScanViewController.swift */ = {isa = PBXFileReference; fileEncoding = 4; lastKnownFileType = sourcecode.swift; name = QRScanViewController.swift; path = QRScanViewController/QRScanViewController.swift; sourceTree = "<group>"; };
		E93606C11E77D95700DA4400 /* String+Extension.swift */ = {isa = PBXFileReference; fileEncoding = 4; lastKnownFileType = sourcecode.swift; name = "String+Extension.swift"; path = "Extension/String+Extension.swift"; sourceTree = "<group>"; };
		E93606C71E78001300DA4400 /* QRImageGeneratorViewController.swift */ = {isa = PBXFileReference; fileEncoding = 4; lastKnownFileType = sourcecode.swift; name = QRImageGeneratorViewController.swift; path = DemoViewController/QRImageGeneratorViewController.swift; sourceTree = "<group>"; };
		E951D12B1E14E6700059A378 /* BaseViewController.swift */ = {isa = PBXFileReference; fileEncoding = 4; lastKnownFileType = sourcecode.swift; name = BaseViewController.swift; path = Support/BaseViewController.swift; sourceTree = "<group>"; };
		E951D12F1E14E9A50059A378 /* Common.swift */ = {isa = PBXFileReference; fileEncoding = 4; lastKnownFileType = sourcecode.swift; name = Common.swift; path = Support/Common.swift; sourceTree = "<group>"; };
		E9A0961D1E1D3D5000E52C36 /* UIColor+Extension.swift */ = {isa = PBXFileReference; fileEncoding = 4; lastKnownFileType = sourcecode.swift; name = "UIColor+Extension.swift"; path = "Extension/UIColor+Extension.swift"; sourceTree = "<group>"; };
		E9EBA9921E1B9A4100DBEFC0 /* CarouselFigureCarouselFigureView.swift */ = {isa = PBXFileReference; fileEncoding = 4; lastKnownFileType = sourcecode.swift; path = CarouselFigureCarouselFigureView.swift; sourceTree = "<group>"; };
		E9EBA9941E1BA14500DBEFC0 /* ImageUrlData.swift */ = {isa = PBXFileReference; fileEncoding = 4; lastKnownFileType = sourcecode.swift; path = ImageUrlData.swift; sourceTree = "<group>"; };
		E9EBA9961E1BA5B300DBEFC0 /* CarouselFigureViewDemoViewController.swift */ = {isa = PBXFileReference; fileEncoding = 4; lastKnownFileType = sourcecode.swift; name = CarouselFigureViewDemoViewController.swift; path = DemoViewController/CarouselFigureViewDemoViewController.swift; sourceTree = "<group>"; };
		F382A6B4146FD43C01D3C3B5 /* Pods_Component.framework */ = {isa = PBXFileReference; explicitFileType = wrapper.framework; includeInIndex = 0; path = Pods_Component.framework; sourceTree = BUILT_PRODUCTS_DIR; };
/* End PBXFileReference section */

/* Begin PBXFrameworksBuildPhase section */
		E90298D51E12759D00C281AC /* Frameworks */ = {
			isa = PBXFrameworksBuildPhase;
			buildActionMask = 2147483647;
			files = (
				C7B23154202B1D2615568DF7 /* Pods_Component.framework in Frameworks */,
			);
			runOnlyForDeploymentPostprocessing = 0;
		};
/* End PBXFrameworksBuildPhase section */

/* Begin PBXGroup section */
		277EFA9774E86EE5B47B46DF /* Frameworks */ = {
			isa = PBXGroup;
			children = (
				F382A6B4146FD43C01D3C3B5 /* Pods_Component.framework */,
			);
			name = Frameworks;
			sourceTree = "<group>";
		};
		3A550B7014D00B2AA7CB32C9 /* Pods */ = {
			isa = PBXGroup;
			children = (
				C92ADCA13D3835E309022EE3 /* Pods-Component.debug.xcconfig */,
				35442DCB9DE98D1A7407628F /* Pods-Component.release.xcconfig */,
			);
			name = Pods;
			sourceTree = "<group>";
		};
		E90298CF1E12759D00C281AC = {
			isa = PBXGroup;
			children = (
				E90298DA1E12759D00C281AC /* Component */,
				E90298D91E12759D00C281AC /* Products */,
				3A550B7014D00B2AA7CB32C9 /* Pods */,
				277EFA9774E86EE5B47B46DF /* Frameworks */,
			);
			sourceTree = "<group>";
		};
		E90298D91E12759D00C281AC /* Products */ = {
			isa = PBXGroup;
			children = (
				E90298D81E12759D00C281AC /* Component.app */,
			);
			name = Products;
			sourceTree = "<group>";
		};
		E90298DA1E12759D00C281AC /* Component */ = {
			isa = PBXGroup;
			children = (
				E951D12E1E14E7290059A378 /* ProjectFile */,
				E90298F71E14C45800C281AC /* DemoViewControllers */,
				E90298F31E14C04400C281AC /* Extension */,
				E90298EF1E1276D500C281AC /* Component */,
				E90298ED1E1275D900C281AC /* Support */,
			);
			path = Component;
			sourceTree = "<group>";
		};
		E90298ED1E1275D900C281AC /* Support */ = {
			isa = PBXGroup;
			children = (
				E951D12F1E14E9A50059A378 /* Common.swift */,
				E951D12B1E14E6700059A378 /* BaseViewController.swift */,
			);
			name = Support;
			sourceTree = "<group>";
		};
		E90298EF1E1276D500C281AC /* Component */ = {
			isa = PBXGroup;
			children = (
				E93606BE1E764D3200DA4400 /* QRScanViewController */,
				E919DA761E6560CA0020D803 /* LoadingView */,
				E9EBA9911E1B9A4100DBEFC0 /* CarouselFigureView */,
				E90298F01E12892200C281AC /* RatingView */,
			);
			path = Component;
			sourceTree = "<group>";
		};
		E90298F01E12892200C281AC /* RatingView */ = {
			isa = PBXGroup;
			children = (
				E90298F11E12892200C281AC /* RatingView.swift */,
			);
			path = RatingView;
			sourceTree = "<group>";
		};
		E90298F31E14C04400C281AC /* Extension */ = {
			isa = PBXGroup;
			children = (
				E90298F41E14C08000C281AC /* Int+Extension.swift */,
				E9A0961D1E1D3D5000E52C36 /* UIColor+Extension.swift */,
				E919DA7B1E6858430020D803 /* UIImageView+Extension.swift */,
				E936069C1E72ADC600DA4400 /* UIImage+Extension.swift */,
				E93606C11E77D95700DA4400 /* String+Extension.swift */,
			);
			name = Extension;
			sourceTree = "<group>";
		};
		E90298F71E14C45800C281AC /* DemoViewControllers */ = {
			isa = PBXGroup;
			children = (
				E90298F81E14C49B00C281AC /* RatingViewDemoViewController.swift */,
				E9EBA9961E1BA5B300DBEFC0 /* CarouselFigureViewDemoViewController.swift */,
				E919DA791E66BED50020D803 /* LoadingViewDemoViewController.swift */,
				E93606C71E78001300DA4400 /* QRImageGeneratorViewController.swift */,
			);
			name = DemoViewControllers;
			sourceTree = "<group>";
		};
		E919DA761E6560CA0020D803 /* LoadingView */ = {
			isa = PBXGroup;
			children = (
				E919DA771E6560FA0020D803 /* LoadingView.swift */,
			);
			name = LoadingView;
			sourceTree = "<group>";
		};
		E93606BE1E764D3200DA4400 /* QRScanViewController */ = {
			isa = PBXGroup;
			children = (
				E93606BF1E764D5A00DA4400 /* QRScanViewController.swift */,
			);
			name = QRScanViewController;
			sourceTree = "<group>";
		};
		E951D12E1E14E7290059A378 /* ProjectFile */ = {
			isa = PBXGroup;
			children = (
				E90298DB1E12759D00C281AC /* AppDelegate.swift */,
				E90298E21E12759D00C281AC /* Assets.xcassets */,
				E90298E71E12759D00C281AC /* Info.plist */,
				E90298DF1E12759D00C281AC /* Main.storyboard */,
				E90298E41E12759D00C281AC /* LaunchScreen.storyboard */,
				E90298DD1E12759D00C281AC /* ViewController.swift */,
			);
			name = ProjectFile;
			sourceTree = "<group>";
		};
		E9EBA9911E1B9A4100DBEFC0 /* CarouselFigureView */ = {
			isa = PBXGroup;
			children = (
				E9EBA9921E1B9A4100DBEFC0 /* CarouselFigureCarouselFigureView.swift */,
				E9EBA9941E1BA14500DBEFC0 /* ImageUrlData.swift */,
				E918BA7E1E1C00AD00EBE1EE /* CarouselFigureCollectionViewCell.swift */,
			);
			path = CarouselFigureView;
			sourceTree = "<group>";
		};
/* End PBXGroup section */

/* Begin PBXNativeTarget section */
		E90298D71E12759D00C281AC /* Component */ = {
			isa = PBXNativeTarget;
			buildConfigurationList = E90298EA1E12759D00C281AC /* Build configuration list for PBXNativeTarget "Component" */;
			buildPhases = (
				8670CD3069C34ACEC61D0F96 /* [CP] Check Pods Manifest.lock */,
				E90298D41E12759D00C281AC /* Sources */,
				E90298D51E12759D00C281AC /* Frameworks */,
				E90298D61E12759D00C281AC /* Resources */,
				075F577A779539F5F1C67869 /* [CP] Embed Pods Frameworks */,
				A2B1BEA3087842434904B871 /* [CP] Copy Pods Resources */,
			);
			buildRules = (
			);
			dependencies = (
			);
			name = Component;
			productName = Component;
			productReference = E90298D81E12759D00C281AC /* Component.app */;
			productType = "com.apple.product-type.application";
		};
/* End PBXNativeTarget section */

/* Begin PBXProject section */
		E90298D01E12759D00C281AC /* Project object */ = {
			isa = PBXProject;
			attributes = {
				LastSwiftUpdateCheck = 0820;
				LastUpgradeCheck = 0820;
				ORGANIZATIONNAME = "吴杰健";
				TargetAttributes = {
					E90298D71E12759D00C281AC = {
						CreatedOnToolsVersion = 8.2.1;
						DevelopmentTeam = YT4B64ELT8;
						ProvisioningStyle = Automatic;
					};
				};
			};
			buildConfigurationList = E90298D31E12759D00C281AC /* Build configuration list for PBXProject "Component" */;
			compatibilityVersion = "Xcode 3.2";
			developmentRegion = English;
			hasScannedForEncodings = 0;
			knownRegions = (
				en,
				Base,
			);
			mainGroup = E90298CF1E12759D00C281AC;
			productRefGroup = E90298D91E12759D00C281AC /* Products */;
			projectDirPath = "";
			projectRoot = "";
			targets = (
				E90298D71E12759D00C281AC /* Component */,
			);
		};
/* End PBXProject section */

/* Begin PBXResourcesBuildPhase section */
		E90298D61E12759D00C281AC /* Resources */ = {
			isa = PBXResourcesBuildPhase;
			buildActionMask = 2147483647;
			files = (
				E90298E61E12759D00C281AC /* LaunchScreen.storyboard in Resources */,
				E90298E31E12759D00C281AC /* Assets.xcassets in Resources */,
				E90298E11E12759D00C281AC /* Main.storyboard in Resources */,
			);
			runOnlyForDeploymentPostprocessing = 0;
		};
/* End PBXResourcesBuildPhase section */

/* Begin PBXShellScriptBuildPhase section */
		075F577A779539F5F1C67869 /* [CP] Embed Pods Frameworks */ = {
			isa = PBXShellScriptBuildPhase;
			buildActionMask = 2147483647;
			files = (
			);
			inputPaths = (
			);
			name = "[CP] Embed Pods Frameworks";
			outputPaths = (
			);
			runOnlyForDeploymentPostprocessing = 0;
			shellPath = /bin/sh;
			shellScript = "\"${SRCROOT}/Pods/Target Support Files/Pods-Component/Pods-Component-frameworks.sh\"\n";
			showEnvVarsInLog = 0;
		};
		8670CD3069C34ACEC61D0F96 /* [CP] Check Pods Manifest.lock */ = {
			isa = PBXShellScriptBuildPhase;
			buildActionMask = 2147483647;
			files = (
			);
			inputPaths = (
			);
			name = "[CP] Check Pods Manifest.lock";
			outputPaths = (
			);
			runOnlyForDeploymentPostprocessing = 0;
			shellPath = /bin/sh;
			shellScript = "diff \"${PODS_ROOT}/../Podfile.lock\" \"${PODS_ROOT}/Manifest.lock\" > /dev/null\nif [ $? != 0 ] ; then\n    # print error to STDERR\n    echo \"error: The sandbox is not in sync with the Podfile.lock. Run 'pod install' or update your CocoaPods installation.\" >&2\n    exit 1\nfi\n";
			showEnvVarsInLog = 0;
		};
		A2B1BEA3087842434904B871 /* [CP] Copy Pods Resources */ = {
			isa = PBXShellScriptBuildPhase;
			buildActionMask = 2147483647;
			files = (
			);
			inputPaths = (
			);
			name = "[CP] Copy Pods Resources";
			outputPaths = (
			);
			runOnlyForDeploymentPostprocessing = 0;
			shellPath = /bin/sh;
			shellScript = "\"${SRCROOT}/Pods/Target Support Files/Pods-Component/Pods-Component-resources.sh\"\n";
			showEnvVarsInLog = 0;
		};
/* End PBXShellScriptBuildPhase section */

/* Begin PBXSourcesBuildPhase section */
		E90298D41E12759D00C281AC /* Sources */ = {
			isa = PBXSourcesBuildPhase;
			buildActionMask = 2147483647;
			files = (
				E90298F21E12892200C281AC /* RatingView.swift in Sources */,
				E9EBA9951E1BA14500DBEFC0 /* ImageUrlData.swift in Sources */,
				E90298F91E14C49B00C281AC /* RatingViewDemoViewController.swift in Sources */,
				E919DA7C1E6858430020D803 /* UIImageView+Extension.swift in Sources */,
				E9A0961E1E1D3D5000E52C36 /* UIColor+Extension.swift in Sources */,
				E936069D1E72ADC600DA4400 /* UIImage+Extension.swift in Sources */,
				E90298F51E14C08000C281AC /* Int+Extension.swift in Sources */,
				E9EBA9971E1BA5B300DBEFC0 /* CarouselFigureViewDemoViewController.swift in Sources */,
				E90298DE1E12759D00C281AC /* ViewController.swift in Sources */,
				E9EBA9931E1B9A4100DBEFC0 /* CarouselFigureCarouselFigureView.swift in Sources */,
				E93606C21E77D95700DA4400 /* String+Extension.swift in Sources */,
				E93606C81E78001300DA4400 /* QRImageGeneratorViewController.swift in Sources */,
				E951D12C1E14E6700059A378 /* BaseViewController.swift in Sources */,
				E90298DC1E12759D00C281AC /* AppDelegate.swift in Sources */,
				E93606C01E764D5A00DA4400 /* QRScanViewController.swift in Sources */,
				E918BA7F1E1C00AD00EBE1EE /* CarouselFigureCollectionViewCell.swift in Sources */,
				E919DA781E6560FA0020D803 /* LoadingView.swift in Sources */,
				E951D1301E14E9A50059A378 /* Common.swift in Sources */,
				E919DA7A1E66BED50020D803 /* LoadingViewDemoViewController.swift in Sources */,
			);
			runOnlyForDeploymentPostprocessing = 0;
		};
/* End PBXSourcesBuildPhase section */

/* Begin PBXVariantGroup section */
		E90298DF1E12759D00C281AC /* Main.storyboard */ = {
			isa = PBXVariantGroup;
			children = (
				E90298E01E12759D00C281AC /* Base */,
			);
			name = Main.storyboard;
			sourceTree = "<group>";
		};
		E90298E41E12759D00C281AC /* LaunchScreen.storyboard */ = {
			isa = PBXVariantGroup;
			children = (
				E90298E51E12759D00C281AC /* Base */,
			);
			name = LaunchScreen.storyboard;
			sourceTree = "<group>";
		};
/* End PBXVariantGroup section */

/* Begin XCBuildConfiguration section */
		E90298E81E12759D00C281AC /* Debug */ = {
			isa = XCBuildConfiguration;
			buildSettings = {
				ALWAYS_SEARCH_USER_PATHS = NO;
				CLANG_ANALYZER_NONNULL = YES;
				CLANG_CXX_LANGUAGE_STANDARD = "gnu++0x";
				CLANG_CXX_LIBRARY = "libc++";
				CLANG_ENABLE_MODULES = YES;
				CLANG_ENABLE_OBJC_ARC = YES;
				CLANG_WARN_BOOL_CONVERSION = YES;
				CLANG_WARN_CONSTANT_CONVERSION = YES;
				CLANG_WARN_DIRECT_OBJC_ISA_USAGE = YES_ERROR;
				CLANG_WARN_DOCUMENTATION_COMMENTS = YES;
				CLANG_WARN_EMPTY_BODY = YES;
				CLANG_WARN_ENUM_CONVERSION = YES;
				CLANG_WARN_INFINITE_RECURSION = YES;
				CLANG_WARN_INT_CONVERSION = YES;
				CLANG_WARN_OBJC_ROOT_CLASS = YES_ERROR;
				CLANG_WARN_SUSPICIOUS_MOVE = YES;
				CLANG_WARN_UNREACHABLE_CODE = YES;
				CLANG_WARN__DUPLICATE_METHOD_MATCH = YES;
				"CODE_SIGN_IDENTITY[sdk=iphoneos*]" = "iPhone Developer";
				COPY_PHASE_STRIP = NO;
				DEBUG_INFORMATION_FORMAT = dwarf;
				ENABLE_STRICT_OBJC_MSGSEND = YES;
				ENABLE_TESTABILITY = YES;
				GCC_C_LANGUAGE_STANDARD = gnu99;
				GCC_DYNAMIC_NO_PIC = NO;
				GCC_NO_COMMON_BLOCKS = YES;
				GCC_OPTIMIZATION_LEVEL = 0;
				GCC_PREPROCESSOR_DEFINITIONS = (
					"DEBUG=1",
					"$(inherited)",
				);
				GCC_WARN_64_TO_32_BIT_CONVERSION = YES;
				GCC_WARN_ABOUT_RETURN_TYPE = YES_ERROR;
				GCC_WARN_UNDECLARED_SELECTOR = YES;
				GCC_WARN_UNINITIALIZED_AUTOS = YES_AGGRESSIVE;
				GCC_WARN_UNUSED_FUNCTION = YES;
				GCC_WARN_UNUSED_VARIABLE = YES;
				IPHONEOS_DEPLOYMENT_TARGET = 10.2;
				MTL_ENABLE_DEBUG_INFO = YES;
				ONLY_ACTIVE_ARCH = YES;
				SDKROOT = iphoneos;
				SWIFT_ACTIVE_COMPILATION_CONDITIONS = DEBUG;
				SWIFT_OPTIMIZATION_LEVEL = "-Onone";
				TARGETED_DEVICE_FAMILY = "1,2";
			};
			name = Debug;
		};
		E90298E91E12759D00C281AC /* Release */ = {
			isa = XCBuildConfiguration;
			buildSettings = {
				ALWAYS_SEARCH_USER_PATHS = NO;
				CLANG_ANALYZER_NONNULL = YES;
				CLANG_CXX_LANGUAGE_STANDARD = "gnu++0x";
				CLANG_CXX_LIBRARY = "libc++";
				CLANG_ENABLE_MODULES = YES;
				CLANG_ENABLE_OBJC_ARC = YES;
				CLANG_WARN_BOOL_CONVERSION = YES;
				CLANG_WARN_CONSTANT_CONVERSION = YES;
				CLANG_WARN_DIRECT_OBJC_ISA_USAGE = YES_ERROR;
				CLANG_WARN_DOCUMENTATION_COMMENTS = YES;
				CLANG_WARN_EMPTY_BODY = YES;
				CLANG_WARN_ENUM_CONVERSION = YES;
				CLANG_WARN_INFINITE_RECURSION = YES;
				CLANG_WARN_INT_CONVERSION = YES;
				CLANG_WARN_OBJC_ROOT_CLASS = YES_ERROR;
				CLANG_WARN_SUSPICIOUS_MOVE = YES;
				CLANG_WARN_UNREACHABLE_CODE = YES;
				CLANG_WARN__DUPLICATE_METHOD_MATCH = YES;
				"CODE_SIGN_IDENTITY[sdk=iphoneos*]" = "iPhone Developer";
				COPY_PHASE_STRIP = NO;
				DEBUG_INFORMATION_FORMAT = "dwarf-with-dsym";
				ENABLE_NS_ASSERTIONS = NO;
				ENABLE_STRICT_OBJC_MSGSEND = YES;
				GCC_C_LANGUAGE_STANDARD = gnu99;
				GCC_NO_COMMON_BLOCKS = YES;
				GCC_WARN_64_TO_32_BIT_CONVERSION = YES;
				GCC_WARN_ABOUT_RETURN_TYPE = YES_ERROR;
				GCC_WARN_UNDECLARED_SELECTOR = YES;
				GCC_WARN_UNINITIALIZED_AUTOS = YES_AGGRESSIVE;
				GCC_WARN_UNUSED_FUNCTION = YES;
				GCC_WARN_UNUSED_VARIABLE = YES;
				IPHONEOS_DEPLOYMENT_TARGET = 10.2;
				MTL_ENABLE_DEBUG_INFO = NO;
				SDKROOT = iphoneos;
				SWIFT_OPTIMIZATION_LEVEL = "-Owholemodule";
				TARGETED_DEVICE_FAMILY = "1,2";
				VALIDATE_PRODUCT = YES;
			};
			name = Release;
		};
		E90298EB1E12759D00C281AC /* Debug */ = {
			isa = XCBuildConfiguration;
			baseConfigurationReference = C92ADCA13D3835E309022EE3 /* Pods-Component.debug.xcconfig */;
			buildSettings = {
				ASSETCATALOG_COMPILER_APPICON_NAME = AppIcon;
				DEVELOPMENT_TEAM = YT4B64ELT8;
				INFOPLIST_FILE = Component/Info.plist;
				LD_RUNPATH_SEARCH_PATHS = "$(inherited) @executable_path/Frameworks";
				PRODUCT_BUNDLE_IDENTIFIER = com.wjj.Component;
				PRODUCT_NAME = "$(TARGET_NAME)";
				SWIFT_VERSION = 3.0;
			};
			name = Debug;
		};
		E90298EC1E12759D00C281AC /* Release */ = {
			isa = XCBuildConfiguration;
			baseConfigurationReference = 35442DCB9DE98D1A7407628F /* Pods-Component.release.xcconfig */;
			buildSettings = {
				ASSETCATALOG_COMPILER_APPICON_NAME = AppIcon;
				DEVELOPMENT_TEAM = YT4B64ELT8;
				INFOPLIST_FILE = Component/Info.plist;
				LD_RUNPATH_SEARCH_PATHS = "$(inherited) @executable_path/Frameworks";
				PRODUCT_BUNDLE_IDENTIFIER = com.wjj.Component;
				PRODUCT_NAME = "$(TARGET_NAME)";
				SWIFT_VERSION = 3.0;
			};
			name = Release;
		};
/* End XCBuildConfiguration section */

/* Begin XCConfigurationList section */
		E90298D31E12759D00C281AC /* Build configuration list for PBXProject "Component" */ = {
			isa = XCConfigurationList;
			buildConfigurations = (
				E90298E81E12759D00C281AC /* Debug */,
				E90298E91E12759D00C281AC /* Release */,
			);
			defaultConfigurationIsVisible = 0;
			defaultConfigurationName = Release;
		};
		E90298EA1E12759D00C281AC /* Build configuration list for PBXNativeTarget "Component" */ = {
			isa = XCConfigurationList;
			buildConfigurations = (
				E90298EB1E12759D00C281AC /* Debug */,
				E90298EC1E12759D00C281AC /* Release */,
			);
			defaultConfigurationIsVisible = 0;
			defaultConfigurationName = Release;
		};
/* End XCConfigurationList section */
	};
	rootObject = E90298D01E12759D00C281AC /* Project object */;
}
